<?xml version="1.0" encoding="utf-8"?>
<Project ToolsVersion="4.0" xmlns="http://schemas.microsoft.com/developer/msbuild/2003">
  <ItemGroup>
    <Filter Include="Source Files">
      <UniqueIdentifier>{4FC737F1-C7A5-4376-A066-2A32D752A2FF}</UniqueIdentifier>
      <Extensions>cpp;c;cc;cxx;c++;def;odl;idl;hpj;bat;asm;asmx</Extensions>
    </Filter>
    <Filter Include="Header Files">
      <UniqueIdentifier>{93995380-89BD-4b04-88EB-625FBE52EBFB}</UniqueIdentifier>
      <Extensions>h;hh;hpp;hxx;h++;hm;inl;inc;ipp;xsd</Extensions>
    </Filter>
    <Filter Include="Resource Files">
      <UniqueIdentifier>{67DA6AB6-F800-4c08-8B7A-83BB121AAD01}</UniqueIdentifier>
      <Extensions>rc;ico;cur;bmp;dlg;rc2;rct;bin;rgs;gif;jpg;jpeg;jpe;resx;tiff;tif;png;wav;mfcribbon-ms</Extensions>
    </Filter>
    <Filter Include="Source Files\BackEnd">
      <UniqueIdentifier>{aaaf5563-9cac-4421-a639-93d951415f69}</UniqueIdentifier>
    </Filter>
    <Filter Include="Header Files\BackEnd">
      <UniqueIdentifier>{6cdf91ff-41ee-4984-a3d9-0bf0a75ac7ee}</UniqueIdentifier>
    </Filter>
    <Filter Include="Header Files\BackEnd\Optimizer">
      <UniqueIdentifier>{90a6cfc1-4040-4e83-86a7-e78211b7059d}</UniqueIdentifier>
    </Filter>
    <Filter Include="Source Files\BackEnd\Optimizer">
      <UniqueIdentifier>{c04e8a71-c0dc-4359-a37b-4566a605c53e}</UniqueIdentifier>
    </Filter>
    <Filter Include="Header Files\FrontEnd">
      <UniqueIdentifier>{f2092d86-d862-4080-ad23-6be58017625c}</UniqueIdentifier>
    </Filter>
    <Filter Include="Source Files\FrontEnd">
      <UniqueIdentifier>{50df4cf8-c9a5-46db-9d48-cd9365ba6f0f}</UniqueIdentifier>
    </Filter>
    <Filter Include="Header Files\FrontEnd\HeroExplorer">
      <UniqueIdentifier>{ed075c60-45e3-48b0-8a52-6786f8d9e891}</UniqueIdentifier>
    </Filter>
    <Filter Include="Source Files\FrontEnd\HeroExplorer">
      <UniqueIdentifier>{b4daf2cd-f836-4dec-bb56-d4ec813606de}</UniqueIdentifier>
    </Filter>
    <Filter Include="Header Files\FrontEnd\RuneExplorer">
      <UniqueIdentifier>{7758c48b-8d47-4fc7-a181-d6db2b87cbeb}</UniqueIdentifier>
    </Filter>
    <Filter Include="Source Files\FrontEnd\RuneExplorer">
      <UniqueIdentifier>{189209a1-8a10-4cf7-8c2d-d4b293109e9e}</UniqueIdentifier>
    </Filter>
    <Filter Include="Header Files\FrontEnd\GearSetExplorer">
      <UniqueIdentifier>{1d386693-cebe-46a5-940a-5e6f3dbc44fa}</UniqueIdentifier>
    </Filter>
    <Filter Include="Source Files\FrontEnd\GearSetExplorer">
      <UniqueIdentifier>{ad5f5bc8-e8bd-4144-8074-10ec05de12ea}</UniqueIdentifier>
    </Filter>
    <Filter Include="Header Files\FrontEnd\ImportExport">
      <UniqueIdentifier>{8a678ca1-ac23-4ac9-9c47-1cc9864128ae}</UniqueIdentifier>
    </Filter>
    <Filter Include="Source Files\FrontEnd\ImportExport">
      <UniqueIdentifier>{846c5854-dfef-4ce3-9710-4740d775d29e}</UniqueIdentifier>
    </Filter>
  </ItemGroup>
  <ItemGroup>
    <ClCompile Include="Source\Main.cpp">
      <Filter>Source Files</Filter>
    </ClCompile>
    <ClCompile Include="Source\BackEnd\GameData.cpp">
      <Filter>Source Files\BackEnd</Filter>
    </ClCompile>
    <ClCompile Include="Source\BackEnd\Rune.cpp">
      <Filter>Source Files\BackEnd</Filter>
    </ClCompile>
    <ClCompile Include="Source\BackEnd\Hero.cpp">
      <Filter>Source Files\BackEnd</Filter>
    </ClCompile>
    <ClCompile Include="Source\BackEnd\GearSet.cpp">
      <Filter>Source Files\BackEnd</Filter>
    </ClCompile>
    <ClCompile Include="Source\BackEnd\RuneInventory.cpp">
      <Filter>Source Files\BackEnd</Filter>
    </ClCompile>
    <ClCompile Include="Source\BackEnd\HeroInventory.cpp">
      <Filter>Source Files\BackEnd</Filter>
    </ClCompile>
    <ClCompile Include="Source\BackEnd\GearSetInventory.cpp">
      <Filter>Source Files\BackEnd</Filter>
    </ClCompile>
    <ClCompile Include="Source\BackEnd\CCGOPManager.cpp">
      <Filter>Source Files\BackEnd</Filter>
    </ClCompile>
    <ClCompile Include="Source\BackEnd\Optimizer\CCGOptimizer.cpp">
      <Filter>Source Files\BackEnd\Optimizer</Filter>
    </ClCompile>
    <ClCompile Include="Source\BackEnd\Optimizer\SearchParameters.cpp">
      <Filter>Source Files\BackEnd\Optimizer</Filter>
    </ClCompile>
    <ClCompile Include="Source\BackEnd\Optimizer\RuneSlotPool.cpp">
      <Filter>Source Files\BackEnd\Optimizer</Filter>
    </ClCompile>
    <ClCompile Include="Source\FrontEnd\CCGOPGUI.cpp">
      <Filter>Source Files\FrontEnd</Filter>
    </ClCompile>
    <ClCompile Include="Source\FrontEnd\HeroExplorer.cpp">
      <Filter>Source Files\FrontEnd</Filter>
    </ClCompile>
    <ClCompile Include="Source\FrontEnd\HeroExplorer\HeroCreation.cpp">
      <Filter>Source Files\FrontEnd\HeroExplorer</Filter>
    </ClCompile>
    <ClCompile Include="Source\FrontEnd\HeroExplorer\HeroTable.cpp">
      <Filter>Source Files\FrontEnd\HeroExplorer</Filter>
    </ClCompile>
    <ClCompile Include="Source\FrontEnd\HeroExplorer\HeroOptions.cpp">
      <Filter>Source Files\FrontEnd\HeroExplorer</Filter>
    </ClCompile>
    <ClCompile Include="Source\FrontEnd\RuneExplorer\RuneTable.cpp">
      <Filter>Source Files\FrontEnd\RuneExplorer</Filter>
    </ClCompile>
    <ClCompile Include="Source\FrontEnd\RuneExplorer.cpp">
      <Filter>Source Files\FrontEnd</Filter>
    </ClCompile>
    <ClCompile Include="Source\FrontEnd\RuneExplorer\RuneCreation.cpp">
      <Filter>Source Files\FrontEnd\RuneExplorer</Filter>
    </ClCompile>
    <ClCompile Include="Source\FrontEnd\RuneExplorer\RuneSearch.cpp">
      <Filter>Source Files\FrontEnd\RuneExplorer</Filter>
    </ClCompile>
    <ClCompile Include="Source\FrontEnd\RuneExplorer\RuneOptions.cpp">
      <Filter>Source Files\FrontEnd\RuneExplorer</Filter>
    </ClCompile>
    <ClCompile Include="Source\FrontEnd\GearSetExplorer.cpp">
      <Filter>Source Files\FrontEnd</Filter>
    </ClCompile>
    <ClCompile Include="Source\FrontEnd\GearSetExplorer\GearSetTable.cpp">
      <Filter>Source Files\FrontEnd\GearSetExplorer</Filter>
    </ClCompile>
    <ClCompile Include="Source\FrontEnd\GearSetExplorer\GearSetCreation.cpp">
      <Filter>Source Files\FrontEnd\GearSetExplorer</Filter>
    </ClCompile>
    <ClCompile Include="Source\FrontEnd\GearSetExplorer\GearSetStats.cpp">
      <Filter>Source Files\FrontEnd\GearSetExplorer</Filter>
    </ClCompile>
    <ClCompile Include="Source\FrontEnd\GearSetExplorer\GearSetOptions.cpp">
      <Filter>Source Files\FrontEnd\GearSetExplorer</Filter>
    </ClCompile>
    <ClCompile Include="Source\FrontEnd\ImportExport.cpp">
      <Filter>Source Files\FrontEnd</Filter>
    </ClCompile>
    <ClCompile Include="Source\FrontEnd\ImportExport\LoadSave.cpp">
      <Filter>Source Files\FrontEnd\ImportExport</Filter>
    </ClCompile>
    <ClCompile Include="Source\FrontEnd\GearSetExplorer\GearSetBuild.cpp">
      <Filter>Source Files\FrontEnd\GearSetExplorer</Filter>
    </ClCompile>
    <ClCompile Include="Source\FrontEnd\GearSetExplorer\GearSetDetails.cpp">
      <Filter>Source Files\FrontEnd\GearSetExplorer</Filter>
    </ClCompile>
  </ItemGroup>
  <ItemGroup>
    <ClInclude Include="Source\BackEnd\GameData.h">
      <Filter>Header Files\BackEnd</Filter>
    </ClInclude>
    <ClInclude Include="Source\BackEnd\Rune.h">
      <Filter>Header Files\BackEnd</Filter>
    </ClInclude>
    <ClInclude Include="Source\BackEnd\Hero.h">
      <Filter>Header Files\BackEnd</Filter>
    </ClInclude>
    <ClInclude Include="Source\BackEnd\GearSet.h">
      <Filter>Header Files\BackEnd</Filter>
    </ClInclude>
    <ClInclude Include="Source\BackEnd\RuneInventory.h">
      <Filter>Header Files\BackEnd</Filter>
    </ClInclude>
    <ClInclude Include="Source\BackEnd\HeroInventory.h">
      <Filter>Header Files\BackEnd</Filter>
    </ClInclude>
    <ClInclude Include="Source\BackEnd\GearSetInventory.h">
      <Filter>Header Files\BackEnd</Filter>
    </ClInclude>
    <ClInclude Include="Source\BackEnd\CCGOPManager.h">
      <Filter>Header Files\BackEnd</Filter>
    </ClInclude>
    <ClInclude Include="Source\BackEnd\Optimizer\CCGOptimizer.h">
      <Filter>Header Files\BackEnd\Optimizer</Filter>
    </ClInclude>
    <ClInclude Include="Source\BackEnd\Optimizer\SearchParameters.h">
      <Filter>Header Files\BackEnd\Optimizer</Filter>
    </ClInclude>
    <ClInclude Include="Source\BackEnd\Optimizer\RuneSlotPool.h">
      <Filter>Header Files\BackEnd\Optimizer</Filter>
    </ClInclude>
    <ClInclude Include="Source\Main.h">
      <Filter>Header Files</Filter>
    </ClInclude>
    <ClInclude Include="Source\FrontEnd\CCGOPGUI.h">
      <Filter>Header Files\FrontEnd</Filter>
    </ClInclude>
    <ClInclude Include="Source\FrontEnd\HeroExplorer.h">
      <Filter>Header Files\FrontEnd</Filter>
    </ClInclude>
    <ClInclude Include="Source\FrontEnd\HeroExplorer\HeroCreation.h">
      <Filter>Header Files\FrontEnd\HeroExplorer</Filter>
    </ClInclude>
    <ClInclude Include="Source\FrontEnd\ResourceIDs.h">
      <Filter>Header Files\FrontEnd</Filter>
    </ClInclude>
    <ClInclude Include="Source\FrontEnd\HeroExplorer\HeroTable.h">
      <Filter>Header Files\FrontEnd\HeroExplorer</Filter>
    </ClInclude>
    <ClInclude Include="Source\FrontEnd\HeroExplorer\HeroOptions.h">
      <Filter>Header Files\FrontEnd\HeroExplorer</Filter>
    </ClInclude>
    <ClInclude Include="Source\FrontEnd\Layout.h">
      <Filter>Header Files\FrontEnd</Filter>
    </ClInclude>
    <ClInclude Include="Source\FrontEnd\RuneExplorer\RuneTable.h">
      <Filter>Header Files\FrontEnd\RuneExplorer</Filter>
    </ClInclude>
    <ClInclude Include="Source\FrontEnd\RuneExplorer.h">
      <Filter>Header Files\FrontEnd</Filter>
    </ClInclude>
    <ClInclude Include="Source\FrontEnd\RuneExplorer\RuneCreation.h">
      <Filter>Header Files\FrontEnd\RuneExplorer</Filter>
    </ClInclude>
    <ClInclude Include="Source\FrontEnd\RuneExplorer\RuneSearch.h">
      <Filter>Header Files\FrontEnd\RuneExplorer</Filter>
    </ClInclude>
    <ClInclude Include="Source\FrontEnd\RuneExplorer\RuneOptions.h">
      <Filter>Header Files\FrontEnd\RuneExplorer</Filter>
    </ClInclude>
    <ClInclude Include="Source\FrontEnd\GearSetExplorer.h">
      <Filter>Header Files\FrontEnd</Filter>
    </ClInclude>
    <ClInclude Include="Source\FrontEnd\GearSetExplorer\GearSetTable.h">
      <Filter>Header Files\FrontEnd\GearSetExplorer</Filter>
    </ClInclude>
    <ClInclude Include="Source\FrontEnd\GearSetExplorer\GearSetCreation.h">
      <Filter>Header Files\FrontEnd\GearSetExplorer</Filter>
    </ClInclude>
    <ClInclude Include="Source\FrontEnd\GearSetExplorer\GearSetStats.h">
      <Filter>Header Files\FrontEnd\GearSetExplorer</Filter>
    </ClInclude>
    <ClInclude Include="Source\FrontEnd\GearSetExplorer\GearSetOptions.h">
      <Filter>Header Files\FrontEnd\GearSetExplorer</Filter>
    </ClInclude>
    <ClInclude Include="Source\FrontEnd\ImportExport.h">
      <Filter>Header Files\FrontEnd</Filter>
    </ClInclude>
    <ClInclude Include="Source\FrontEnd\ImportExport\LoadSave.h">
      <Filter>Header Files\FrontEnd\ImportExport</Filter>
    </ClInclude>
    <ClInclude Include="Source\FrontEnd\HeroExplorer\Layout.h">
      <Filter>Header Files\FrontEnd\HeroExplorer</Filter>
    </ClInclude>
    <ClInclude Include="Source\FrontEnd\RuneExplorer\Layout.h">
      <Filter>Header Files\FrontEnd\RuneExplorer</Filter>
    </ClInclude>
    <ClInclude Include="Source\FrontEnd\GearSetExplorer\Layout.h">
      <Filter>Header Files\FrontEnd\GearSetExplorer</Filter>
    </ClInclude>
    <ClInclude Include="Source\FrontEnd\GearSetExplorer\GearSetBuild.h">
      <Filter>Header Files\FrontEnd\GearSetExplorer</Filter>
    </ClInclude>
    <ClInclude Include="Source\FrontEnd\GearSetExplorer\GearSetDetails.h">
      <Filter>Header Files\FrontEnd\GearSetExplorer</Filter>
    </ClInclude>
  </ItemGroup>
  <ItemGroup>
    <None Include="Source\BackEnd\GameData.inl">
      <Filter>Source Files\BackEnd</Filter>
    </None>
    <None Include="Source\BackEnd\Rune.inl">
      <Filter>Source Files\BackEnd</Filter>
    </None>
    <None Include="Source\BackEnd\Hero.inl">
      <Filter>Source Files\BackEnd</Filter>
    </None>
    <None Include="Source\BackEnd\GearSet.inl">
      <Filter>Source Files\BackEnd</Filter>
    </None>
    <None Include="Source\BackEnd\RuneInventory.inl">
      <Filter>Source Files\BackEnd</Filter>
    </None>
    <None Include="Source\BackEnd\HeroInventory.inl">
      <Filter>Source Files\BackEnd</Filter>
    </None>
    <None Include="Source\BackEnd\GearSetInventory.inl">
      <Filter>Source Files\BackEnd</Filter>
    </None>
    <None Include="Source\BackEnd\CCGOPManager.inl">
      <Filter>Source Files\BackEnd</Filter>
    </None>
    <None Include="Source\BackEnd\Optimizer\CCGOptimizer.inl">
      <Filter>Source Files\BackEnd\Optimizer</Filter>
    </None>
    <None Include="Source\BackEnd\Optimizer\SearchParameters.inl">
      <Filter>Source Files\BackEnd\Optimizer</Filter>
    </None>
    <None Include="Source\BackEnd\Optimizer\RuneSlotPool.inl">
      <Filter>Source Files\BackEnd\Optimizer</Filter>
    </None>
    <None Include="Source\FrontEnd\CCGOPGUI.inl">
      <Filter>Source Files\FrontEnd</Filter>
    </None>
    <None Include="Source\FrontEnd\HeroExplorer.inl">
      <Filter>Source Files\FrontEnd</Filter>
    </None>
    <None Include="Source\FrontEnd\HeroExplorer\HeroCreation.inl">
      <Filter>Source Files\FrontEnd\HeroExplorer</Filter>
    </None>
    <None Include="Source\FrontEnd\HeroExplorer\HeroTable.inl">
      <Filter>Source Files\FrontEnd\HeroExplorer</Filter>
    </None>
    <None Include="Source\FrontEnd\HeroExplorer\HeroOptions.inl">
      <Filter>Source Files\FrontEnd\HeroExplorer</Filter>
    </None>
    <None Include="Source\FrontEnd\RuneExplorer\RuneTable.inl">
      <Filter>Source Files\FrontEnd\RuneExplorer</Filter>
    </None>
    <None Include="Source\FrontEnd\RuneExplorer.inl">
      <Filter>Source Files\FrontEnd</Filter>
    </None>
    <None Include="Source\FrontEnd\RuneExplorer\RuneCreation.inl">
      <Filter>Source Files\FrontEnd\RuneExplorer</Filter>
    </None>
    <None Include="Source\FrontEnd\RuneExplorer\RuneSearch.inl">
      <Filter>Source Files\FrontEnd\RuneExplorer</Filter>
    </None>
    <None Include="Source\FrontEnd\RuneExplorer\RuneOptions.inl">
      <Filter>Source Files\FrontEnd\RuneExplorer</Filter>
    </None>
    <None Include="Source\FrontEnd\GearSetExplorer.inl">
      <Filter>Source Files\FrontEnd</Filter>
    </None>
    <None Include="Source\FrontEnd\GearSetExplorer\GearSetTable.inl">
      <Filter>Source Files\FrontEnd\GearSetExplorer</Filter>
    </None>
    <None Include="Source\FrontEnd\GearSetExplorer\GearSetCreation.inl">
      <Filter>Source Files\FrontEnd\GearSetExplorer</Filter>
    </None>
    <None Include="Source\FrontEnd\GearSetExplorer\GearSetStats.inl">
      <Filter>Source Files\FrontEnd\GearSetExplorer</Filter>
    </None>
    <None Include="Source\FrontEnd\GearSetExplorer\GearSetOptions.inl">
      <Filter>Source Files\FrontEnd\GearSetExplorer</Filter>
    </None>
    <None Include="Source\FrontEnd\ImportExport.inl">
      <Filter>Source Files\FrontEnd</Filter>
    </None>
    <None Include="Source\FrontEnd\ImportExport\LoadSave.inl">
      <Filter>Source Files\FrontEnd\ImportExport</Filter>
    </None>
    <None Include="Source\FrontEnd\GearSetExplorer\GearSetBuild.inl">
      <Filter>Source Files\FrontEnd\GearSetExplorer</Filter>
    </None>
    <None Include="Source\FrontEnd\GearSetExplorer\GearSetDetails.inl">
      <Filter>Source Files\FrontEnd\GearSetExplorer</Filter>
    </None>
  </ItemGroup>
</Project>